{
  "name": "ubuntu-uk.github.io",
  "lockfileVersion": 3,
  "requires": true,
  "packages": {
    "": {
      "dependencies": {
        "vanilla-framework": "^4.14.0"
      }
    },
    "node_modules/vanilla-framework": {
      "version": "4.14.0",
      "resolved": "https://registry.npmjs.org/vanilla-framework/-/vanilla-framework-4.14.0.tgz",
      "integrity": "sha512-YctHWwH1SbIltBMMVdeiVW1QtxVjaU15jLKiubgVjE9AByuK/EriyZnPQkXtb/+Rwf1mtF24rae+mmG8aFqUJw==",
      "license": "LGPL-3.0"
    }
  }
}
